
Microsoft Visual Studio Solution File, Format Version 12.00
# Visual Studio Version 16
VisualStudioVersion = 16.0.29411.108
MinimumVisualStudioVersion = 10.0.40219.1
Project("{FAE04EC0-301F-11D3-BF4B-00C04F79EFBC}") = "Laboratorul6", "Laboratorul6.csproj", "{EF6B2F7A-245E-462F-B338-3EB9954341B7}"
EndProject
Global
	GlobalSection(SolutionConfigurationPlatforms) = preSolution
		Debug|Any CPU = Debug|Any CPU
		Release|Any CPU = Release|Any CPU
	EndGlobalSection
	GlobalSection(ProjectConfigurationPlatforms) = postSolution
		{EF6B2F7A-245E-462F-B338-3EB9954341B7}.Debug|Any CPU.ActiveCfg = Debug|Any CPU
		{EF6B2F7A-245E-462F-B338-3EB9954341B7}.Debug|Any CPU.Build.0 = Debug|Any CPU
		{EF6B2F7A-245E-462F-B338-3EB9954341B7}.Release|Any CPU.ActiveCfg = Release|Any CPU
		{EF6B2F7A-245E-462F-B338-3EB9954341B7}.Release|Any CPU.Build.0 = Release|Any CPU
	EndGlobalSection
	GlobalSection(SolutionProperties) = preSolution
		HideSolutionNode = FALSE
	EndGlobalSection
	GlobalSection(ExtensibilityGlobals) = postSolution
		SolutionGuid = {C213876E-8A96-4E88-9FBB-6F11EE19233F}
	EndGlobalSection
EndGlobal
