
Microsoft Visual Studio Solution File, Format Version 12.00
# Visual Studio Version 16
VisualStudioVersion = 16.0.29411.108
MinimumVisualStudioVersion = 10.0.40219.1
Project("{FAE04EC0-301F-11D3-BF4B-00C04F79EFBC}") = "PostComment", "PostComment.csproj", "{C2EB61A7-90D9-41C1-863A-434A5FBDBAA2}"
EndProject
Project("{FAE04EC0-301F-11D3-BF4B-00C04F79EFBC}") = "ObjectWCF", "..\ObjectWCF\ObjectWCF.csproj", "{83AEBF81-29E9-4CCC-A808-D3383CE98FFD}"
EndProject
Project("{FAE04EC0-301F-11D3-BF4B-00C04F79EFBC}") = "HostWCF", "..\HostWCF\HostWCF.csproj", "{352F7642-779C-4CB0-959D-780FE7394A34}"
EndProject
Project("{FAE04EC0-301F-11D3-BF4B-00C04F79EFBC}") = "ClientPostComment", "..\ClientPostComment\ClientPostComment.csproj", "{2D89D4F2-EF3B-44E2-B6A2-03DBE29CBF54}"
EndProject
Project("{FAE04EC0-301F-11D3-BF4B-00C04F79EFBC}") = "GrpcPostComment", "..\GrpcPostComment\GrpcPostComment.csproj", "{C8C97BA2-9B4D-4CB7-95CE-701F342AC228}"
EndProject
Project("{FAE04EC0-301F-11D3-BF4B-00C04F79EFBC}") = "RazorPagesMovie", "..\RazorPagesMovie\RazorPagesMovie.csproj", "{B238F2E4-CE37-4EBA-89F7-6FB2E264BA33}"
EndProject
Global
	GlobalSection(SolutionConfigurationPlatforms) = preSolution
		Debug|Any CPU = Debug|Any CPU
		Release|Any CPU = Release|Any CPU
	EndGlobalSection
	GlobalSection(ProjectConfigurationPlatforms) = postSolution
		{C2EB61A7-90D9-41C1-863A-434A5FBDBAA2}.Debug|Any CPU.ActiveCfg = Debug|Any CPU
		{C2EB61A7-90D9-41C1-863A-434A5FBDBAA2}.Debug|Any CPU.Build.0 = Debug|Any CPU
		{C2EB61A7-90D9-41C1-863A-434A5FBDBAA2}.Release|Any CPU.ActiveCfg = Release|Any CPU
		{C2EB61A7-90D9-41C1-863A-434A5FBDBAA2}.Release|Any CPU.Build.0 = Release|Any CPU
		{83AEBF81-29E9-4CCC-A808-D3383CE98FFD}.Debug|Any CPU.ActiveCfg = Debug|Any CPU
		{83AEBF81-29E9-4CCC-A808-D3383CE98FFD}.Debug|Any CPU.Build.0 = Debug|Any CPU
		{83AEBF81-29E9-4CCC-A808-D3383CE98FFD}.Release|Any CPU.ActiveCfg = Release|Any CPU
		{83AEBF81-29E9-4CCC-A808-D3383CE98FFD}.Release|Any CPU.Build.0 = Release|Any CPU
		{352F7642-779C-4CB0-959D-780FE7394A34}.Debug|Any CPU.ActiveCfg = Debug|Any CPU
		{352F7642-779C-4CB0-959D-780FE7394A34}.Debug|Any CPU.Build.0 = Debug|Any CPU
		{352F7642-779C-4CB0-959D-780FE7394A34}.Release|Any CPU.ActiveCfg = Release|Any CPU
		{352F7642-779C-4CB0-959D-780FE7394A34}.Release|Any CPU.Build.0 = Release|Any CPU
		{2D89D4F2-EF3B-44E2-B6A2-03DBE29CBF54}.Debug|Any CPU.ActiveCfg = Debug|Any CPU
		{2D89D4F2-EF3B-44E2-B6A2-03DBE29CBF54}.Debug|Any CPU.Build.0 = Debug|Any CPU
		{2D89D4F2-EF3B-44E2-B6A2-03DBE29CBF54}.Release|Any CPU.ActiveCfg = Release|Any CPU
		{2D89D4F2-EF3B-44E2-B6A2-03DBE29CBF54}.Release|Any CPU.Build.0 = Release|Any CPU
		{C8C97BA2-9B4D-4CB7-95CE-701F342AC228}.Debug|Any CPU.ActiveCfg = Debug|Any CPU
		{C8C97BA2-9B4D-4CB7-95CE-701F342AC228}.Debug|Any CPU.Build.0 = Debug|Any CPU
		{C8C97BA2-9B4D-4CB7-95CE-701F342AC228}.Release|Any CPU.ActiveCfg = Release|Any CPU
		{C8C97BA2-9B4D-4CB7-95CE-701F342AC228}.Release|Any CPU.Build.0 = Release|Any CPU
		{B238F2E4-CE37-4EBA-89F7-6FB2E264BA33}.Debug|Any CPU.ActiveCfg = Debug|Any CPU
		{B238F2E4-CE37-4EBA-89F7-6FB2E264BA33}.Debug|Any CPU.Build.0 = Debug|Any CPU
		{B238F2E4-CE37-4EBA-89F7-6FB2E264BA33}.Release|Any CPU.ActiveCfg = Release|Any CPU
		{B238F2E4-CE37-4EBA-89F7-6FB2E264BA33}.Release|Any CPU.Build.0 = Release|Any CPU
	EndGlobalSection
	GlobalSection(SolutionProperties) = preSolution
		HideSolutionNode = FALSE
	EndGlobalSection
	GlobalSection(ExtensibilityGlobals) = postSolution
		SolutionGuid = {BCB3C9EF-7E86-4CF2-95A6-7BBDCE18B131}
	EndGlobalSection
EndGlobal
